// !$*UTF8*$!
{
	archiveVersion = 1;
	classes = {
	};
	objectVersion = 46;
	objects = {

/* Begin PBXBuildFile section */
		AF68CA311506BDD3007DF29C /* tomato.png in Resources */ = {isa = PBXBuildFile; fileRef = AF68CA301506BDD3007DF29C /* tomato.png */; };
		AF76814D14FA7AC100D9265E /* WSWWWrapper.m in Sources */ = {isa = PBXBuildFile; fileRef = AF76814C14FA7AC100D9265E /* WSWWWrapper.m */; };
		AF85A38014FC18DE009B7481 /* Film.m in Sources */ = {isa = PBXBuildFile; fileRef = AF85A37F14FC18DE009B7481 /* Film.m */; };
		AF9B6DD215080B2D003B7B9F /* WhatShallWeWatch-72.png in Resources */ = {isa = PBXBuildFile; fileRef = AF9B6DCC15080B2D003B7B9F /* WhatShallWeWatch-72.png */; };
		AF9B6DD315080B2D003B7B9F /* WhatShallWeWatch-Small-50.png in Resources */ = {isa = PBXBuildFile; fileRef = AF9B6DCD15080B2D003B7B9F /* WhatShallWeWatch-Small-50.png */; };
		AF9B6DD415080B2D003B7B9F /* WhatShallWeWatch-Small.png in Resources */ = {isa = PBXBuildFile; fileRef = AF9B6DCE15080B2D003B7B9F /* WhatShallWeWatch-Small.png */; };
		AF9B6DD515080B2D003B7B9F /* WhatShallWeWatch-Small@2x.png in Resources */ = {isa = PBXBuildFile; fileRef = AF9B6DCF15080B2D003B7B9F /* WhatShallWeWatch-Small@2x.png */; };
		AF9B6DD615080B2D003B7B9F /* WhatShallWeWatch.png in Resources */ = {isa = PBXBuildFile; fileRef = AF9B6DD015080B2D003B7B9F /* WhatShallWeWatch.png */; };
		AF9B6DD715080B2D003B7B9F /* WhatShallWeWatch@2x.png in Resources */ = {isa = PBXBuildFile; fileRef = AF9B6DD115080B2D003B7B9F /* WhatShallWeWatch@2x.png */; };
		AF9B6DD915080B55003B7B9F /* WhatShallWeWatch@2x.png in Resources */ = {isa = PBXBuildFile; fileRef = AF9B6DD815080B55003B7B9F /* WhatShallWeWatch@2x.png */; };
		AF9B6DDB15080B5D003B7B9F /* WhatShallWeWatch.png in Resources */ = {isa = PBXBuildFile; fileRef = AF9B6DDA15080B5D003B7B9F /* WhatShallWeWatch.png */; };
		AF9B6DE11508186B003B7B9F /* libTestFlight.a in Frameworks */ = {isa = PBXBuildFile; fileRef = AF9B6DDD1508186B003B7B9F /* libTestFlight.a */; };
		AF9B6DE21508186B003B7B9F /* README.txt in Resources */ = {isa = PBXBuildFile; fileRef = AF9B6DDE1508186B003B7B9F /* README.txt */; };
		AF9B6DE31508186B003B7B9F /* release_notes.txt in Resources */ = {isa = PBXBuildFile; fileRef = AF9B6DDF1508186B003B7B9F /* release_notes.txt */; };
		AF9B6DE5150818A4003B7B9F /* libz.dylib in Frameworks */ = {isa = PBXBuildFile; fileRef = AF9B6DE4150818A4003B7B9F /* libz.dylib */; };
		AF9E069514E9B115000D5DB5 /* UIKit.framework in Frameworks */ = {isa = PBXBuildFile; fileRef = AF9E069414E9B115000D5DB5 /* UIKit.framework */; };
		AF9E069714E9B115000D5DB5 /* Foundation.framework in Frameworks */ = {isa = PBXBuildFile; fileRef = AF9E069614E9B115000D5DB5 /* Foundation.framework */; };
		AF9E069914E9B115000D5DB5 /* CoreGraphics.framework in Frameworks */ = {isa = PBXBuildFile; fileRef = AF9E069814E9B115000D5DB5 /* CoreGraphics.framework */; };
		AF9E069F14E9B115000D5DB5 /* InfoPlist.strings in Resources */ = {isa = PBXBuildFile; fileRef = AF9E069D14E9B115000D5DB5 /* InfoPlist.strings */; };
		AF9E06A114E9B115000D5DB5 /* main.m in Sources */ = {isa = PBXBuildFile; fileRef = AF9E06A014E9B115000D5DB5 /* main.m */; };
		AF9E06A514E9B115000D5DB5 /* WSWWAppDelegate.m in Sources */ = {isa = PBXBuildFile; fileRef = AF9E06A414E9B115000D5DB5 /* WSWWAppDelegate.m */; };
		AF9E06A814E9B115000D5DB5 /* MainStoryboard.storyboard in Resources */ = {isa = PBXBuildFile; fileRef = AF9E06A614E9B115000D5DB5 /* MainStoryboard.storyboard */; };
		AF9E06AB14E9B115000D5DB5 /* WSWWViewController.m in Sources */ = {isa = PBXBuildFile; fileRef = AF9E06AA14E9B115000D5DB5 /* WSWWViewController.m */; };
		AF9E06B314E9B115000D5DB5 /* SenTestingKit.framework in Frameworks */ = {isa = PBXBuildFile; fileRef = AF9E06B214E9B115000D5DB5 /* SenTestingKit.framework */; };
		AF9E06B414E9B115000D5DB5 /* UIKit.framework in Frameworks */ = {isa = PBXBuildFile; fileRef = AF9E069414E9B115000D5DB5 /* UIKit.framework */; };
		AF9E06B514E9B115000D5DB5 /* Foundation.framework in Frameworks */ = {isa = PBXBuildFile; fileRef = AF9E069614E9B115000D5DB5 /* Foundation.framework */; };
		AF9E06BD14E9B115000D5DB5 /* InfoPlist.strings in Resources */ = {isa = PBXBuildFile; fileRef = AF9E06BB14E9B115000D5DB5 /* InfoPlist.strings */; };
		AF9E06C014E9B115000D5DB5 /* WhatShallWeWatchTests.m in Sources */ = {isa = PBXBuildFile; fileRef = AF9E06BF14E9B115000D5DB5 /* WhatShallWeWatchTests.m */; };
		AF9E06D014E9B6D8000D5DB5 /* AddFilmViewController.m in Sources */ = {isa = PBXBuildFile; fileRef = AF9E06CF14E9B6D8000D5DB5 /* AddFilmViewController.m */; };
		AF9E06E714E9C134000D5DB5 /* CFNetwork.framework in Frameworks */ = {isa = PBXBuildFile; fileRef = AF9E06E614E9C134000D5DB5 /* CFNetwork.framework */; };
		AF9E06E914E9C13A000D5DB5 /* CoreData.framework in Frameworks */ = {isa = PBXBuildFile; fileRef = AF9E06E814E9C13A000D5DB5 /* CoreData.framework */; };
		AF9E06EB14E9C145000D5DB5 /* MobileCoreServices.framework in Frameworks */ = {isa = PBXBuildFile; fileRef = AF9E06EA14E9C145000D5DB5 /* MobileCoreServices.framework */; };
		AF9E06ED14E9C14D000D5DB5 /* Security.framework in Frameworks */ = {isa = PBXBuildFile; fileRef = AF9E06EC14E9C14D000D5DB5 /* Security.framework */; };
		AF9E06EF14E9C154000D5DB5 /* SystemConfiguration.framework in Frameworks */ = {isa = PBXBuildFile; fileRef = AF9E06EE14E9C154000D5DB5 /* SystemConfiguration.framework */; };
		AF9E06F114E9C161000D5DB5 /* libxml2.dylib in Frameworks */ = {isa = PBXBuildFile; fileRef = AF9E06F014E9C161000D5DB5 /* libxml2.dylib */; };
		AFC778691505671C00BE76F8 /* AFHTTPClient.m in Sources */ = {isa = PBXBuildFile; fileRef = AFC778551505671C00BE76F8 /* AFHTTPClient.m */; settings = {COMPILER_FLAGS = "-fno-objc-arc"; }; };
		AFC7786A1505671C00BE76F8 /* AFHTTPRequestOperation.m in Sources */ = {isa = PBXBuildFile; fileRef = AFC778571505671C00BE76F8 /* AFHTTPRequestOperation.m */; settings = {COMPILER_FLAGS = "-fno-objc-arc"; }; };
		AFC7786B1505671C00BE76F8 /* AFImageRequestOperation.m in Sources */ = {isa = PBXBuildFile; fileRef = AFC778591505671C00BE76F8 /* AFImageRequestOperation.m */; settings = {COMPILER_FLAGS = "-fno-objc-arc"; }; };
		AFC7786C1505671C00BE76F8 /* AFJSONRequestOperation.m in Sources */ = {isa = PBXBuildFile; fileRef = AFC7785B1505671C00BE76F8 /* AFJSONRequestOperation.m */; settings = {COMPILER_FLAGS = "-fno-objc-arc"; }; };
		AFC7786D1505671C00BE76F8 /* AFJSONUtilities.m in Sources */ = {isa = PBXBuildFile; fileRef = AFC7785D1505671C00BE76F8 /* AFJSONUtilities.m */; settings = {COMPILER_FLAGS = "-fno-objc-arc"; }; };
		AFC7786E1505671C00BE76F8 /* AFNetworkActivityIndicatorManager.m in Sources */ = {isa = PBXBuildFile; fileRef = AFC7785F1505671C00BE76F8 /* AFNetworkActivityIndicatorManager.m */; settings = {COMPILER_FLAGS = "-fno-objc-arc"; }; };
		AFC7786F1505671C00BE76F8 /* AFPropertyListRequestOperation.m in Sources */ = {isa = PBXBuildFile; fileRef = AFC778621505671C00BE76F8 /* AFPropertyListRequestOperation.m */; settings = {COMPILER_FLAGS = "-fno-objc-arc"; }; };
		AFC778701505671C00BE76F8 /* AFURLConnectionOperation.m in Sources */ = {isa = PBXBuildFile; fileRef = AFC778641505671C00BE76F8 /* AFURLConnectionOperation.m */; settings = {COMPILER_FLAGS = "-fno-objc-arc"; }; };
		AFC778711505671C00BE76F8 /* AFXMLRequestOperation.m in Sources */ = {isa = PBXBuildFile; fileRef = AFC778661505671C00BE76F8 /* AFXMLRequestOperation.m */; settings = {COMPILER_FLAGS = "-fno-objc-arc"; }; };
		AFC778721505671C00BE76F8 /* UIImageView+AFNetworking.m in Sources */ = {isa = PBXBuildFile; fileRef = AFC778681505671C00BE76F8 /* UIImageView+AFNetworking.m */; settings = {COMPILER_FLAGS = "-fno-objc-arc"; }; };
		AFC7A3EF14FED42B0018A434 /* AddFilmTableViewCell.m in Sources */ = {isa = PBXBuildFile; fileRef = AFC7A3EE14FED42B0018A434 /* AddFilmTableViewCell.m */; };
/* End PBXBuildFile section */

/* Begin PBXContainerItemProxy section */
		AF9E06B614E9B115000D5DB5 /* PBXContainerItemProxy */ = {
			isa = PBXContainerItemProxy;
			containerPortal = AF9E068714E9B115000D5DB5 /* Project object */;
			proxyType = 1;
			remoteGlobalIDString = AF9E068F14E9B115000D5DB5;
			remoteInfo = WhatShallWeWatch;
		};
/* End PBXContainerItemProxy section */

/* Begin PBXFileReference section */
		AF68CA301506BDD3007DF29C /* tomato.png */ = {isa = PBXFileReference; lastKnownFileType = image.png; path = tomato.png; sourceTree = "<group>"; };
		AF76814B14FA7AC100D9265E /* WSWWWrapper.h */ = {isa = PBXFileReference; fileEncoding = 4; lastKnownFileType = sourcecode.c.h; path = WSWWWrapper.h; sourceTree = "<group>"; };
		AF76814C14FA7AC100D9265E /* WSWWWrapper.m */ = {isa = PBXFileReference; fileEncoding = 4; lastKnownFileType = sourcecode.c.objc; path = WSWWWrapper.m; sourceTree = "<group>"; };
		AF85A37D14FC18B3009B7481 /* AddFilmProtocol.h */ = {isa = PBXFileReference; fileEncoding = 4; lastKnownFileType = sourcecode.c.h; path = AddFilmProtocol.h; sourceTree = "<group>"; };
		AF85A37E14FC18DE009B7481 /* Film.h */ = {isa = PBXFileReference; fileEncoding = 4; lastKnownFileType = sourcecode.c.h; path = Film.h; sourceTree = "<group>"; };
		AF85A37F14FC18DE009B7481 /* Film.m */ = {isa = PBXFileReference; fileEncoding = 4; lastKnownFileType = sourcecode.c.objc; path = Film.m; sourceTree = "<group>"; };
		AF9B6DCC15080B2D003B7B9F /* WhatShallWeWatch-72.png */ = {isa = PBXFileReference; lastKnownFileType = image.png; path = "WhatShallWeWatch-72.png"; sourceTree = "<group>"; };
		AF9B6DCD15080B2D003B7B9F /* WhatShallWeWatch-Small-50.png */ = {isa = PBXFileReference; lastKnownFileType = image.png; path = "WhatShallWeWatch-Small-50.png"; sourceTree = "<group>"; };
		AF9B6DCE15080B2D003B7B9F /* WhatShallWeWatch-Small.png */ = {isa = PBXFileReference; lastKnownFileType = image.png; path = "WhatShallWeWatch-Small.png"; sourceTree = "<group>"; };
		AF9B6DCF15080B2D003B7B9F /* WhatShallWeWatch-Small@2x.png */ = {isa = PBXFileReference; lastKnownFileType = image.png; path = "WhatShallWeWatch-Small@2x.png"; sourceTree = "<group>"; };
		AF9B6DD015080B2D003B7B9F /* WhatShallWeWatch.png */ = {isa = PBXFileReference; lastKnownFileType = image.png; path = WhatShallWeWatch.png; sourceTree = "<group>"; };
		AF9B6DD115080B2D003B7B9F /* WhatShallWeWatch@2x.png */ = {isa = PBXFileReference; lastKnownFileType = image.png; path = "WhatShallWeWatch@2x.png"; sourceTree = "<group>"; };
		AF9B6DD815080B55003B7B9F /* WhatShallWeWatch@2x.png */ = {isa = PBXFileReference; lastKnownFileType = image.png; path = "WhatShallWeWatch@2x.png"; sourceTree = "<group>"; };
		AF9B6DDA15080B5D003B7B9F /* WhatShallWeWatch.png */ = {isa = PBXFileReference; lastKnownFileType = image.png; path = WhatShallWeWatch.png; sourceTree = "<group>"; };
		AF9B6DDD1508186B003B7B9F /* libTestFlight.a */ = {isa = PBXFileReference; lastKnownFileType = archive.ar; path = libTestFlight.a; sourceTree = "<group>"; };
		AF9B6DDE1508186B003B7B9F /* README.txt */ = {isa = PBXFileReference; fileEncoding = 4; lastKnownFileType = text; path = README.txt; sourceTree = "<group>"; };
		AF9B6DDF1508186B003B7B9F /* release_notes.txt */ = {isa = PBXFileReference; fileEncoding = 4; lastKnownFileType = text; path = release_notes.txt; sourceTree = "<group>"; };
		AF9B6DE01508186B003B7B9F /* TestFlight.h */ = {isa = PBXFileReference; fileEncoding = 4; lastKnownFileType = sourcecode.c.h; path = TestFlight.h; sourceTree = "<group>"; };
		AF9B6DE4150818A4003B7B9F /* libz.dylib */ = {isa = PBXFileReference; lastKnownFileType = "compiled.mach-o.dylib"; name = libz.dylib; path = usr/lib/libz.dylib; sourceTree = SDKROOT; };
		AF9E069014E9B115000D5DB5 /* WhatShallWeWatch.app */ = {isa = PBXFileReference; explicitFileType = wrapper.application; includeInIndex = 0; path = WhatShallWeWatch.app; sourceTree = BUILT_PRODUCTS_DIR; };
		AF9E069414E9B115000D5DB5 /* UIKit.framework */ = {isa = PBXFileReference; lastKnownFileType = wrapper.framework; name = UIKit.framework; path = System/Library/Frameworks/UIKit.framework; sourceTree = SDKROOT; };
		AF9E069614E9B115000D5DB5 /* Foundation.framework */ = {isa = PBXFileReference; lastKnownFileType = wrapper.framework; name = Foundation.framework; path = System/Library/Frameworks/Foundation.framework; sourceTree = SDKROOT; };
		AF9E069814E9B115000D5DB5 /* CoreGraphics.framework */ = {isa = PBXFileReference; lastKnownFileType = wrapper.framework; name = CoreGraphics.framework; path = System/Library/Frameworks/CoreGraphics.framework; sourceTree = SDKROOT; };
		AF9E069C14E9B115000D5DB5 /* WhatShallWeWatch-Info.plist */ = {isa = PBXFileReference; lastKnownFileType = text.plist.xml; path = "WhatShallWeWatch-Info.plist"; sourceTree = "<group>"; };
		AF9E069E14E9B115000D5DB5 /* en */ = {isa = PBXFileReference; lastKnownFileType = text.plist.strings; name = en; path = en.lproj/InfoPlist.strings; sourceTree = "<group>"; };
		AF9E06A014E9B115000D5DB5 /* main.m */ = {isa = PBXFileReference; lastKnownFileType = sourcecode.c.objc; path = main.m; sourceTree = "<group>"; };
		AF9E06A214E9B115000D5DB5 /* WhatShallWeWatch-Prefix.pch */ = {isa = PBXFileReference; lastKnownFileType = sourcecode.c.h; path = "WhatShallWeWatch-Prefix.pch"; sourceTree = "<group>"; };
		AF9E06A314E9B115000D5DB5 /* WSWWAppDelegate.h */ = {isa = PBXFileReference; lastKnownFileType = sourcecode.c.h; path = WSWWAppDelegate.h; sourceTree = "<group>"; };
		AF9E06A414E9B115000D5DB5 /* WSWWAppDelegate.m */ = {isa = PBXFileReference; lastKnownFileType = sourcecode.c.objc; path = WSWWAppDelegate.m; sourceTree = "<group>"; };
		AF9E06A714E9B115000D5DB5 /* en */ = {isa = PBXFileReference; lastKnownFileType = file.storyboard; name = en; path = en.lproj/MainStoryboard.storyboard; sourceTree = "<group>"; };
		AF9E06A914E9B115000D5DB5 /* WSWWViewController.h */ = {isa = PBXFileReference; lastKnownFileType = sourcecode.c.h; path = WSWWViewController.h; sourceTree = "<group>"; };
		AF9E06AA14E9B115000D5DB5 /* WSWWViewController.m */ = {isa = PBXFileReference; lastKnownFileType = sourcecode.c.objc; path = WSWWViewController.m; sourceTree = "<group>"; };
		AF9E06B114E9B115000D5DB5 /* WhatShallWeWatchTests.octest */ = {isa = PBXFileReference; explicitFileType = wrapper.cfbundle; includeInIndex = 0; path = WhatShallWeWatchTests.octest; sourceTree = BUILT_PRODUCTS_DIR; };
		AF9E06B214E9B115000D5DB5 /* SenTestingKit.framework */ = {isa = PBXFileReference; lastKnownFileType = wrapper.framework; name = SenTestingKit.framework; path = Library/Frameworks/SenTestingKit.framework; sourceTree = DEVELOPER_DIR; };
		AF9E06BA14E9B115000D5DB5 /* WhatShallWeWatchTests-Info.plist */ = {isa = PBXFileReference; lastKnownFileType = text.plist.xml; path = "WhatShallWeWatchTests-Info.plist"; sourceTree = "<group>"; };
		AF9E06BC14E9B115000D5DB5 /* en */ = {isa = PBXFileReference; lastKnownFileType = text.plist.strings; name = en; path = en.lproj/InfoPlist.strings; sourceTree = "<group>"; };
		AF9E06BE14E9B115000D5DB5 /* WhatShallWeWatchTests.h */ = {isa = PBXFileReference; lastKnownFileType = sourcecode.c.h; path = WhatShallWeWatchTests.h; sourceTree = "<group>"; };
		AF9E06BF14E9B115000D5DB5 /* WhatShallWeWatchTests.m */ = {isa = PBXFileReference; lastKnownFileType = sourcecode.c.objc; path = WhatShallWeWatchTests.m; sourceTree = "<group>"; };
		AF9E06CE14E9B6D8000D5DB5 /* AddFilmViewController.h */ = {isa = PBXFileReference; fileEncoding = 4; lastKnownFileType = sourcecode.c.h; path = AddFilmViewController.h; sourceTree = "<group>"; };
		AF9E06CF14E9B6D8000D5DB5 /* AddFilmViewController.m */ = {isa = PBXFileReference; fileEncoding = 4; lastKnownFileType = sourcecode.c.objc; path = AddFilmViewController.m; sourceTree = "<group>"; };
		AF9E06E614E9C134000D5DB5 /* CFNetwork.framework */ = {isa = PBXFileReference; lastKnownFileType = wrapper.framework; name = CFNetwork.framework; path = System/Library/Frameworks/CFNetwork.framework; sourceTree = SDKROOT; };
		AF9E06E814E9C13A000D5DB5 /* CoreData.framework */ = {isa = PBXFileReference; lastKnownFileType = wrapper.framework; name = CoreData.framework; path = System/Library/Frameworks/CoreData.framework; sourceTree = SDKROOT; };
		AF9E06EA14E9C145000D5DB5 /* MobileCoreServices.framework */ = {isa = PBXFileReference; lastKnownFileType = wrapper.framework; name = MobileCoreServices.framework; path = System/Library/Frameworks/MobileCoreServices.framework; sourceTree = SDKROOT; };
		AF9E06EC14E9C14D000D5DB5 /* Security.framework */ = {isa = PBXFileReference; lastKnownFileType = wrapper.framework; name = Security.framework; path = System/Library/Frameworks/Security.framework; sourceTree = SDKROOT; };
		AF9E06EE14E9C154000D5DB5 /* SystemConfiguration.framework */ = {isa = PBXFileReference; lastKnownFileType = wrapper.framework; name = SystemConfiguration.framework; path = System/Library/Frameworks/SystemConfiguration.framework; sourceTree = SDKROOT; };
		AF9E06F014E9C161000D5DB5 /* libxml2.dylib */ = {isa = PBXFileReference; lastKnownFileType = "compiled.mach-o.dylib"; name = libxml2.dylib; path = usr/lib/libxml2.dylib; sourceTree = SDKROOT; };
		AFC778541505671C00BE76F8 /* AFHTTPClient.h */ = {isa = PBXFileReference; fileEncoding = 4; lastKnownFileType = sourcecode.c.h; path = AFHTTPClient.h; sourceTree = "<group>"; };
		AFC778551505671C00BE76F8 /* AFHTTPClient.m */ = {isa = PBXFileReference; fileEncoding = 4; lastKnownFileType = sourcecode.c.objc; path = AFHTTPClient.m; sourceTree = "<group>"; };
		AFC778561505671C00BE76F8 /* AFHTTPRequestOperation.h */ = {isa = PBXFileReference; fileEncoding = 4; lastKnownFileType = sourcecode.c.h; path = AFHTTPRequestOperation.h; sourceTree = "<group>"; };
		AFC778571505671C00BE76F8 /* AFHTTPRequestOperation.m */ = {isa = PBXFileReference; fileEncoding = 4; lastKnownFileType = sourcecode.c.objc; path = AFHTTPRequestOperation.m; sourceTree = "<group>"; };
		AFC778581505671C00BE76F8 /* AFImageRequestOperation.h */ = {isa = PBXFileReference; fileEncoding = 4; lastKnownFileType = sourcecode.c.h; path = AFImageRequestOperation.h; sourceTree = "<group>"; };
		AFC778591505671C00BE76F8 /* AFImageRequestOperation.m */ = {isa = PBXFileReference; fileEncoding = 4; lastKnownFileType = sourcecode.c.objc; path = AFImageRequestOperation.m; sourceTree = "<group>"; };
		AFC7785A1505671C00BE76F8 /* AFJSONRequestOperation.h */ = {isa = PBXFileReference; fileEncoding = 4; lastKnownFileType = sourcecode.c.h; path = AFJSONRequestOperation.h; sourceTree = "<group>"; };
		AFC7785B1505671C00BE76F8 /* AFJSONRequestOperation.m */ = {isa = PBXFileReference; fileEncoding = 4; lastKnownFileType = sourcecode.c.objc; path = AFJSONRequestOperation.m; sourceTree = "<group>"; };
		AFC7785C1505671C00BE76F8 /* AFJSONUtilities.h */ = {isa = PBXFileReference; fileEncoding = 4; lastKnownFileType = sourcecode.c.h; path = AFJSONUtilities.h; sourceTree = "<group>"; };
		AFC7785D1505671C00BE76F8 /* AFJSONUtilities.m */ = {isa = PBXFileReference; fileEncoding = 4; lastKnownFileType = sourcecode.c.objc; path = AFJSONUtilities.m; sourceTree = "<group>"; };
		AFC7785E1505671C00BE76F8 /* AFNetworkActivityIndicatorManager.h */ = {isa = PBXFileReference; fileEncoding = 4; lastKnownFileType = sourcecode.c.h; path = AFNetworkActivityIndicatorManager.h; sourceTree = "<group>"; };
		AFC7785F1505671C00BE76F8 /* AFNetworkActivityIndicatorManager.m */ = {isa = PBXFileReference; fileEncoding = 4; lastKnownFileType = sourcecode.c.objc; path = AFNetworkActivityIndicatorManager.m; sourceTree = "<group>"; };
		AFC778601505671C00BE76F8 /* AFNetworking.h */ = {isa = PBXFileReference; fileEncoding = 4; lastKnownFileType = sourcecode.c.h; path = AFNetworking.h; sourceTree = "<group>"; };
		AFC778611505671C00BE76F8 /* AFPropertyListRequestOperation.h */ = {isa = PBXFileReference; fileEncoding = 4; lastKnownFileType = sourcecode.c.h; path = AFPropertyListRequestOperation.h; sourceTree = "<group>"; };
		AFC778621505671C00BE76F8 /* AFPropertyListRequestOperation.m */ = {isa = PBXFileReference; fileEncoding = 4; lastKnownFileType = sourcecode.c.objc; path = AFPropertyListRequestOperation.m; sourceTree = "<group>"; };
		AFC778631505671C00BE76F8 /* AFURLConnectionOperation.h */ = {isa = PBXFileReference; fileEncoding = 4; lastKnownFileType = sourcecode.c.h; path = AFURLConnectionOperation.h; sourceTree = "<group>"; };
		AFC778641505671C00BE76F8 /* AFURLConnectionOperation.m */ = {isa = PBXFileReference; fileEncoding = 4; lastKnownFileType = sourcecode.c.objc; path = AFURLConnectionOperation.m; sourceTree = "<group>"; };
		AFC778651505671C00BE76F8 /* AFXMLRequestOperation.h */ = {isa = PBXFileReference; fileEncoding = 4; lastKnownFileType = sourcecode.c.h; path = AFXMLRequestOperation.h; sourceTree = "<group>"; };
		AFC778661505671C00BE76F8 /* AFXMLRequestOperation.m */ = {isa = PBXFileReference; fileEncoding = 4; lastKnownFileType = sourcecode.c.objc; path = AFXMLRequestOperation.m; sourceTree = "<group>"; };
		AFC778671505671C00BE76F8 /* UIImageView+AFNetworking.h */ = {isa = PBXFileReference; fileEncoding = 4; lastKnownFileType = sourcecode.c.h; path = "UIImageView+AFNetworking.h"; sourceTree = "<group>"; };
		AFC778681505671C00BE76F8 /* UIImageView+AFNetworking.m */ = {isa = PBXFileReference; fileEncoding = 4; lastKnownFileType = sourcecode.c.objc; path = "UIImageView+AFNetworking.m"; sourceTree = "<group>"; };
		AFC7A3ED14FED42B0018A434 /* AddFilmTableViewCell.h */ = {isa = PBXFileReference; fileEncoding = 4; lastKnownFileType = sourcecode.c.h; path = AddFilmTableViewCell.h; sourceTree = "<group>"; };
		AFC7A3EE14FED42B0018A434 /* AddFilmTableViewCell.m */ = {isa = PBXFileReference; fileEncoding = 4; lastKnownFileType = sourcecode.c.objc; path = AddFilmTableViewCell.m; sourceTree = "<group>"; };
/* End PBXFileReference section */

/* Begin PBXFrameworksBuildPhase section */
		AF9E068D14E9B115000D5DB5 /* Frameworks */ = {
			isa = PBXFrameworksBuildPhase;
			buildActionMask = 2147483647;
			files = (
				AF9B6DE5150818A4003B7B9F /* libz.dylib in Frameworks */,
				AF9E06F114E9C161000D5DB5 /* libxml2.dylib in Frameworks */,
				AF9E06EF14E9C154000D5DB5 /* SystemConfiguration.framework in Frameworks */,
				AF9E06ED14E9C14D000D5DB5 /* Security.framework in Frameworks */,
				AF9E06EB14E9C145000D5DB5 /* MobileCoreServices.framework in Frameworks */,
				AF9E06E914E9C13A000D5DB5 /* CoreData.framework in Frameworks */,
				AF9E06E714E9C134000D5DB5 /* CFNetwork.framework in Frameworks */,
				AF9E069514E9B115000D5DB5 /* UIKit.framework in Frameworks */,
				AF9E069714E9B115000D5DB5 /* Foundation.framework in Frameworks */,
				AF9E069914E9B115000D5DB5 /* CoreGraphics.framework in Frameworks */,
				AF9B6DE11508186B003B7B9F /* libTestFlight.a in Frameworks */,
			);
			runOnlyForDeploymentPostprocessing = 0;
		};
		AF9E06AD14E9B115000D5DB5 /* Frameworks */ = {
			isa = PBXFrameworksBuildPhase;
			buildActionMask = 2147483647;
			files = (
				AF9E06B314E9B115000D5DB5 /* SenTestingKit.framework in Frameworks */,
				AF9E06B414E9B115000D5DB5 /* UIKit.framework in Frameworks */,
				AF9E06B514E9B115000D5DB5 /* Foundation.framework in Frameworks */,
			);
			runOnlyForDeploymentPostprocessing = 0;
		};
/* End PBXFrameworksBuildPhase section */

/* Begin PBXGroup section */
		AF2EC76A14FD739F00F54ECA /* Models */ = {
			isa = PBXGroup;
			children = (
				AF85A37E14FC18DE009B7481 /* Film.h */,
				AF85A37F14FC18DE009B7481 /* Film.m */,
			);
			name = Models;
			sourceTree = "<group>";
		};
		AF9B6DDC1508186B003B7B9F /* TestFlightSDK0.8.3 */ = {
			isa = PBXGroup;
			children = (
				AF9B6DDD1508186B003B7B9F /* libTestFlight.a */,
				AF9B6DDE1508186B003B7B9F /* README.txt */,
				AF9B6DDF1508186B003B7B9F /* release_notes.txt */,
				AF9B6DE01508186B003B7B9F /* TestFlight.h */,
			);
			path = TestFlightSDK0.8.3;
			sourceTree = "<group>";
		};
		AF9E068514E9B115000D5DB5 = {
			isa = PBXGroup;
			children = (
				AF9B6DE4150818A4003B7B9F /* libz.dylib */,
				AF9B6DDC1508186B003B7B9F /* TestFlightSDK0.8.3 */,
				AF9B6DDA15080B5D003B7B9F /* WhatShallWeWatch.png */,
				AF9B6DD815080B55003B7B9F /* WhatShallWeWatch@2x.png */,
				AFC778531505671C00BE76F8 /* AFNetworking */,
				AF9E06F014E9C161000D5DB5 /* libxml2.dylib */,
				AF9E06EE14E9C154000D5DB5 /* SystemConfiguration.framework */,
				AF9E06EC14E9C14D000D5DB5 /* Security.framework */,
				AF9E06EA14E9C145000D5DB5 /* MobileCoreServices.framework */,
				AF9E06E814E9C13A000D5DB5 /* CoreData.framework */,
				AF9E06E614E9C134000D5DB5 /* CFNetwork.framework */,
				AF9E069A14E9B115000D5DB5 /* WhatShallWeWatch */,
				AF9E06B814E9B115000D5DB5 /* WhatShallWeWatchTests */,
				AF9E069314E9B115000D5DB5 /* Frameworks */,
				AF9E069114E9B115000D5DB5 /* Products */,
			);
			sourceTree = "<group>";
		};
		AF9E069114E9B115000D5DB5 /* Products */ = {
			isa = PBXGroup;
			children = (
				AF9E069014E9B115000D5DB5 /* WhatShallWeWatch.app */,
				AF9E06B114E9B115000D5DB5 /* WhatShallWeWatchTests.octest */,
			);
			name = Products;
			sourceTree = "<group>";
		};
		AF9E069314E9B115000D5DB5 /* Frameworks */ = {
			isa = PBXGroup;
			children = (
				AF9E069414E9B115000D5DB5 /* UIKit.framework */,
				AF9E069614E9B115000D5DB5 /* Foundation.framework */,
				AF9E069814E9B115000D5DB5 /* CoreGraphics.framework */,
				AF9E06B214E9B115000D5DB5 /* SenTestingKit.framework */,
			);
			name = Frameworks;
			sourceTree = "<group>";
		};
		AF9E069A14E9B115000D5DB5 /* WhatShallWeWatch */ = {
			isa = PBXGroup;
			children = (
				AF2EC76A14FD739F00F54ECA /* Models */,
				AF9E06A314E9B115000D5DB5 /* WSWWAppDelegate.h */,
				AF9E06A414E9B115000D5DB5 /* WSWWAppDelegate.m */,
				AF9E06A614E9B115000D5DB5 /* MainStoryboard.storyboard */,
				AF9E06A914E9B115000D5DB5 /* WSWWViewController.h */,
				AF9E06AA14E9B115000D5DB5 /* WSWWViewController.m */,
				AF9E069B14E9B115000D5DB5 /* Supporting Files */,
				AF9E06CE14E9B6D8000D5DB5 /* AddFilmViewController.h */,
				AF9E06CF14E9B6D8000D5DB5 /* AddFilmViewController.m */,
				AF76814B14FA7AC100D9265E /* WSWWWrapper.h */,
				AF76814C14FA7AC100D9265E /* WSWWWrapper.m */,
				AF85A37D14FC18B3009B7481 /* AddFilmProtocol.h */,
				AFC7A3ED14FED42B0018A434 /* AddFilmTableViewCell.h */,
				AFC7A3EE14FED42B0018A434 /* AddFilmTableViewCell.m */,
			);
			path = WhatShallWeWatch;
			sourceTree = "<group>";
		};
		AF9E069B14E9B115000D5DB5 /* Supporting Files */ = {
			isa = PBXGroup;
			children = (
				AF9B6DCC15080B2D003B7B9F /* WhatShallWeWatch-72.png */,
				AF9B6DCD15080B2D003B7B9F /* WhatShallWeWatch-Small-50.png */,
				AF9B6DCE15080B2D003B7B9F /* WhatShallWeWatch-Small.png */,
				AF9B6DCF15080B2D003B7B9F /* WhatShallWeWatch-Small@2x.png */,
				AF9B6DD015080B2D003B7B9F /* WhatShallWeWatch.png */,
				AF9B6DD115080B2D003B7B9F /* WhatShallWeWatch@2x.png */,
				AF68CA301506BDD3007DF29C /* tomato.png */,
				AF9E069C14E9B115000D5DB5 /* WhatShallWeWatch-Info.plist */,
				AF9E069D14E9B115000D5DB5 /* InfoPlist.strings */,
				AF9E06A014E9B115000D5DB5 /* main.m */,
				AF9E06A214E9B115000D5DB5 /* WhatShallWeWatch-Prefix.pch */,
			);
			name = "Supporting Files";
			sourceTree = "<group>";
		};
		AF9E06B814E9B115000D5DB5 /* WhatShallWeWatchTests */ = {
			isa = PBXGroup;
			children = (
				AF9E06BE14E9B115000D5DB5 /* WhatShallWeWatchTests.h */,
				AF9E06BF14E9B115000D5DB5 /* WhatShallWeWatchTests.m */,
				AF9E06B914E9B115000D5DB5 /* Supporting Files */,
			);
			path = WhatShallWeWatchTests;
			sourceTree = "<group>";
		};
		AF9E06B914E9B115000D5DB5 /* Supporting Files */ = {
			isa = PBXGroup;
			children = (
				AF9E06BA14E9B115000D5DB5 /* WhatShallWeWatchTests-Info.plist */,
				AF9E06BB14E9B115000D5DB5 /* InfoPlist.strings */,
			);
			name = "Supporting Files";
			sourceTree = "<group>";
		};
		AFC778531505671C00BE76F8 /* AFNetworking */ = {
			isa = PBXGroup;
			children = (
				AFC778541505671C00BE76F8 /* AFHTTPClient.h */,
				AFC778551505671C00BE76F8 /* AFHTTPClient.m */,
				AFC778561505671C00BE76F8 /* AFHTTPRequestOperation.h */,
				AFC778571505671C00BE76F8 /* AFHTTPRequestOperation.m */,
				AFC778581505671C00BE76F8 /* AFImageRequestOperation.h */,
				AFC778591505671C00BE76F8 /* AFImageRequestOperation.m */,
				AFC7785A1505671C00BE76F8 /* AFJSONRequestOperation.h */,
				AFC7785B1505671C00BE76F8 /* AFJSONRequestOperation.m */,
				AFC7785C1505671C00BE76F8 /* AFJSONUtilities.h */,
				AFC7785D1505671C00BE76F8 /* AFJSONUtilities.m */,
				AFC7785E1505671C00BE76F8 /* AFNetworkActivityIndicatorManager.h */,
				AFC7785F1505671C00BE76F8 /* AFNetworkActivityIndicatorManager.m */,
				AFC778601505671C00BE76F8 /* AFNetworking.h */,
				AFC778611505671C00BE76F8 /* AFPropertyListRequestOperation.h */,
				AFC778621505671C00BE76F8 /* AFPropertyListRequestOperation.m */,
				AFC778631505671C00BE76F8 /* AFURLConnectionOperation.h */,
				AFC778641505671C00BE76F8 /* AFURLConnectionOperation.m */,
				AFC778651505671C00BE76F8 /* AFXMLRequestOperation.h */,
				AFC778661505671C00BE76F8 /* AFXMLRequestOperation.m */,
				AFC778671505671C00BE76F8 /* UIImageView+AFNetworking.h */,
				AFC778681505671C00BE76F8 /* UIImageView+AFNetworking.m */,
			);
			path = AFNetworking;
			sourceTree = "<group>";
		};
/* End PBXGroup section */

/* Begin PBXNativeTarget section */
		AF9E068F14E9B115000D5DB5 /* WhatShallWeWatch */ = {
			isa = PBXNativeTarget;
			buildConfigurationList = AF9E06C314E9B115000D5DB5 /* Build configuration list for PBXNativeTarget "WhatShallWeWatch" */;
			buildPhases = (
				AF9E068C14E9B115000D5DB5 /* Sources */,
				AF9E068D14E9B115000D5DB5 /* Frameworks */,
				AF9E068E14E9B115000D5DB5 /* Resources */,
			);
			buildRules = (
			);
			dependencies = (
			);
			name = WhatShallWeWatch;
			productName = WhatShallWeWatch;
			productReference = AF9E069014E9B115000D5DB5 /* WhatShallWeWatch.app */;
			productType = "com.apple.product-type.application";
		};
		AF9E06B014E9B115000D5DB5 /* WhatShallWeWatchTests */ = {
			isa = PBXNativeTarget;
			buildConfigurationList = AF9E06C614E9B116000D5DB5 /* Build configuration list for PBXNativeTarget "WhatShallWeWatchTests" */;
			buildPhases = (
				AF9E06AC14E9B115000D5DB5 /* Sources */,
				AF9E06AD14E9B115000D5DB5 /* Frameworks */,
				AF9E06AE14E9B115000D5DB5 /* Resources */,
				AF9E06AF14E9B115000D5DB5 /* ShellScript */,
			);
			buildRules = (
			);
			dependencies = (
				AF9E06B714E9B115000D5DB5 /* PBXTargetDependency */,
			);
			name = WhatShallWeWatchTests;
			productName = WhatShallWeWatchTests;
			productReference = AF9E06B114E9B115000D5DB5 /* WhatShallWeWatchTests.octest */;
			productType = "com.apple.product-type.bundle";
		};
/* End PBXNativeTarget section */

/* Begin PBXProject section */
		AF9E068714E9B115000D5DB5 /* Project object */ = {
			isa = PBXProject;
			attributes = {
				LastUpgradeCheck = 0420;
			};
			buildConfigurationList = AF9E068A14E9B115000D5DB5 /* Build configuration list for PBXProject "WhatShallWeWatch" */;
			compatibilityVersion = "Xcode 3.2";
			developmentRegion = English;
			hasScannedForEncodings = 0;
			knownRegions = (
				en,
			);
			mainGroup = AF9E068514E9B115000D5DB5;
			productRefGroup = AF9E069114E9B115000D5DB5 /* Products */;
			projectDirPath = "";
			projectRoot = "";
			targets = (
				AF9E068F14E9B115000D5DB5 /* WhatShallWeWatch */,
				AF9E06B014E9B115000D5DB5 /* WhatShallWeWatchTests */,
			);
		};
/* End PBXProject section */

/* Begin PBXResourcesBuildPhase section */
		AF9E068E14E9B115000D5DB5 /* Resources */ = {
			isa = PBXResourcesBuildPhase;
			buildActionMask = 2147483647;
			files = (
				AF9E069F14E9B115000D5DB5 /* InfoPlist.strings in Resources */,
				AF9E06A814E9B115000D5DB5 /* MainStoryboard.storyboard in Resources */,
				AF68CA311506BDD3007DF29C /* tomato.png in Resources */,
				AF9B6DD215080B2D003B7B9F /* WhatShallWeWatch-72.png in Resources */,
				AF9B6DD315080B2D003B7B9F /* WhatShallWeWatch-Small-50.png in Resources */,
				AF9B6DD415080B2D003B7B9F /* WhatShallWeWatch-Small.png in Resources */,
				AF9B6DD515080B2D003B7B9F /* WhatShallWeWatch-Small@2x.png in Resources */,
				AF9B6DD615080B2D003B7B9F /* WhatShallWeWatch.png in Resources */,
				AF9B6DD715080B2D003B7B9F /* WhatShallWeWatch@2x.png in Resources */,
				AF9B6DD915080B55003B7B9F /* WhatShallWeWatch@2x.png in Resources */,
				AF9B6DDB15080B5D003B7B9F /* WhatShallWeWatch.png in Resources */,
				AF9B6DE21508186B003B7B9F /* README.txt in Resources */,
				AF9B6DE31508186B003B7B9F /* release_notes.txt in Resources */,
			);
			runOnlyForDeploymentPostprocessing = 0;
		};
		AF9E06AE14E9B115000D5DB5 /* Resources */ = {
			isa = PBXResourcesBuildPhase;
			buildActionMask = 2147483647;
			files = (
				AF9E06BD14E9B115000D5DB5 /* InfoPlist.strings in Resources */,
			);
			runOnlyForDeploymentPostprocessing = 0;
		};
/* End PBXResourcesBuildPhase section */

/* Begin PBXShellScriptBuildPhase section */
		AF9E06AF14E9B115000D5DB5 /* ShellScript */ = {
			isa = PBXShellScriptBuildPhase;
			buildActionMask = 2147483647;
			files = (
			);
			inputPaths = (
			);
			outputPaths = (
			);
			runOnlyForDeploymentPostprocessing = 0;
			shellPath = /bin/sh;
			shellScript = "# Run the unit tests in this test bundle.\n\"${SYSTEM_DEVELOPER_DIR}/Tools/RunUnitTests\"\n";
		};
/* End PBXShellScriptBuildPhase section */

/* Begin PBXSourcesBuildPhase section */
		AF9E068C14E9B115000D5DB5 /* Sources */ = {
			isa = PBXSourcesBuildPhase;
			buildActionMask = 2147483647;
			files = (
				AF9E06A114E9B115000D5DB5 /* main.m in Sources */,
				AF9E06A514E9B115000D5DB5 /* WSWWAppDelegate.m in Sources */,
				AF9E06AB14E9B115000D5DB5 /* WSWWViewController.m in Sources */,
				AF9E06D014E9B6D8000D5DB5 /* AddFilmViewController.m in Sources */,
				AF76814D14FA7AC100D9265E /* WSWWWrapper.m in Sources */,
				AF85A38014FC18DE009B7481 /* Film.m in Sources */,
				AFC7A3EF14FED42B0018A434 /* AddFilmTableViewCell.m in Sources */,
				AFC778691505671C00BE76F8 /* AFHTTPClient.m in Sources */,
				AFC7786A1505671C00BE76F8 /* AFHTTPRequestOperation.m in Sources */,
				AFC7786B1505671C00BE76F8 /* AFImageRequestOperation.m in Sources */,
				AFC7786C1505671C00BE76F8 /* AFJSONRequestOperation.m in Sources */,
				AFC7786D1505671C00BE76F8 /* AFJSONUtilities.m in Sources */,
				AFC7786E1505671C00BE76F8 /* AFNetworkActivityIndicatorManager.m in Sources */,
				AFC7786F1505671C00BE76F8 /* AFPropertyListRequestOperation.m in Sources */,
				AFC778701505671C00BE76F8 /* AFURLConnectionOperation.m in Sources */,
				AFC778711505671C00BE76F8 /* AFXMLRequestOperation.m in Sources */,
				AFC778721505671C00BE76F8 /* UIImageView+AFNetworking.m in Sources */,
			);
			runOnlyForDeploymentPostprocessing = 0;
		};
		AF9E06AC14E9B115000D5DB5 /* Sources */ = {
			isa = PBXSourcesBuildPhase;
			buildActionMask = 2147483647;
			files = (
				AF9E06C014E9B115000D5DB5 /* WhatShallWeWatchTests.m in Sources */,
			);
			runOnlyForDeploymentPostprocessing = 0;
		};
/* End PBXSourcesBuildPhase section */

/* Begin PBXTargetDependency section */
		AF9E06B714E9B115000D5DB5 /* PBXTargetDependency */ = {
			isa = PBXTargetDependency;
			target = AF9E068F14E9B115000D5DB5 /* WhatShallWeWatch */;
			targetProxy = AF9E06B614E9B115000D5DB5 /* PBXContainerItemProxy */;
		};
/* End PBXTargetDependency section */

/* Begin PBXVariantGroup section */
		AF9E069D14E9B115000D5DB5 /* InfoPlist.strings */ = {
			isa = PBXVariantGroup;
			children = (
				AF9E069E14E9B115000D5DB5 /* en */,
			);
			name = InfoPlist.strings;
			sourceTree = "<group>";
		};
		AF9E06A614E9B115000D5DB5 /* MainStoryboard.storyboard */ = {
			isa = PBXVariantGroup;
			children = (
				AF9E06A714E9B115000D5DB5 /* en */,
			);
			name = MainStoryboard.storyboard;
			sourceTree = "<group>";
		};
		AF9E06BB14E9B115000D5DB5 /* InfoPlist.strings */ = {
			isa = PBXVariantGroup;
			children = (
				AF9E06BC14E9B115000D5DB5 /* en */,
			);
			name = InfoPlist.strings;
			sourceTree = "<group>";
		};
/* End PBXVariantGroup section */

/* Begin XCBuildConfiguration section */
		AF80848F1506C7BA0083DBB8 /* Adhoc */ = {
			isa = XCBuildConfiguration;
			buildSettings = {
				ALWAYS_SEARCH_USER_PATHS = NO;
				ARCHS = "$(ARCHS_STANDARD_32_BIT)";
				CLANG_ENABLE_OBJC_ARC = YES;
				"CODE_SIGN_IDENTITY[sdk=iphoneos*]" = "iPhone Developer";
				COPY_PHASE_STRIP = YES;
				GCC_C_LANGUAGE_STANDARD = gnu99;
				GCC_VERSION = com.apple.compilers.llvm.clang.1_0;
				GCC_WARN_ABOUT_MISSING_PROTOTYPES = YES;
				GCC_WARN_ABOUT_RETURN_TYPE = YES;
				GCC_WARN_UNUSED_VARIABLE = YES;
				IPHONEOS_DEPLOYMENT_TARGET = 5.0;
				OTHER_CFLAGS = "-DNS_BLOCK_ASSERTIONS=1";
				SDKROOT = iphoneos;
				VALIDATE_PRODUCT = YES;
			};
			name = Adhoc;
		};
		AF8084901506C7BA0083DBB8 /* Adhoc */ = {
			isa = XCBuildConfiguration;
			buildSettings = {
				"CODE_SIGN_ENTITLEMENTS[sdk=*]" = "";
				COPY_PHASE_STRIP = NO;
				GCC_PRECOMPILE_PREFIX_HEADER = YES;
				GCC_PREFIX_HEADER = "WhatShallWeWatch/WhatShallWeWatch-Prefix.pch";
				HEADER_SEARCH_PATHS = "\"$(SOURCE_ROOT)/RestKit/Build\"";
				INFOPLIST_FILE = "WhatShallWeWatch/WhatShallWeWatch-Info.plist";
				LIBRARY_SEARCH_PATHS = (
					"$(inherited)",
					"\"$(SRCROOT)/TestFlightSDK0.8.3\"",
				);
				OTHER_LDFLAGS = (
					"-all_load",
					"-ObjC",
				);
				PRODUCT_NAME = "$(TARGET_NAME)";
				WRAPPER_EXTENSION = app;
			};
			name = Adhoc;
		};
		AF8084911506C7BA0083DBB8 /* Adhoc */ = {
			isa = XCBuildConfiguration;
			buildSettings = {
				BUNDLE_LOADER = "$(BUILT_PRODUCTS_DIR)/WhatShallWeWatch.app/WhatShallWeWatch";
				FRAMEWORK_SEARCH_PATHS = (
					"$(SDKROOT)/Developer/Library/Frameworks",
					"$(DEVELOPER_LIBRARY_DIR)/Frameworks",
				);
				GCC_PRECOMPILE_PREFIX_HEADER = YES;
				GCC_PREFIX_HEADER = "WhatShallWeWatch/WhatShallWeWatch-Prefix.pch";
				INFOPLIST_FILE = "WhatShallWeWatchTests/WhatShallWeWatchTests-Info.plist";
				PRODUCT_NAME = "$(TARGET_NAME)";
				TEST_HOST = "$(BUNDLE_LOADER)";
				WRAPPER_EXTENSION = octest;
			};
			name = Adhoc;
		};
		AF9E06C114E9B115000D5DB5 /* Debug */ = {
			isa = XCBuildConfiguration;
			buildSettings = {
				ALWAYS_SEARCH_USER_PATHS = NO;
				ARCHS = "$(ARCHS_STANDARD_32_BIT)";
				CLANG_ENABLE_OBJC_ARC = YES;
				"CODE_SIGN_IDENTITY[sdk=iphoneos*]" = "iPhone Developer";
				COPY_PHASE_STRIP = NO;
				GCC_C_LANGUAGE_STANDARD = gnu99;
				GCC_DYNAMIC_NO_PIC = NO;
				GCC_OPTIMIZATION_LEVEL = 0;
				GCC_PREPROCESSOR_DEFINITIONS = (
					"DEBUG=1",
					"$(inherited)",
				);
				GCC_SYMBOLS_PRIVATE_EXTERN = NO;
				GCC_VERSION = com.apple.compilers.llvm.clang.1_0;
				GCC_WARN_ABOUT_MISSING_PROTOTYPES = YES;
				GCC_WARN_ABOUT_RETURN_TYPE = YES;
				GCC_WARN_UNUSED_VARIABLE = YES;
				IPHONEOS_DEPLOYMENT_TARGET = 5.0;
				SDKROOT = iphoneos;
			};
			name = Debug;
		};
		AF9E06C214E9B115000D5DB5 /* Release */ = {
			isa = XCBuildConfiguration;
			buildSettings = {
				ALWAYS_SEARCH_USER_PATHS = NO;
				ARCHS = "$(ARCHS_STANDARD_32_BIT)";
				CLANG_ENABLE_OBJC_ARC = YES;
				"CODE_SIGN_IDENTITY[sdk=iphoneos*]" = "iPhone Developer";
				COPY_PHASE_STRIP = YES;
				GCC_C_LANGUAGE_STANDARD = gnu99;
				GCC_VERSION = com.apple.compilers.llvm.clang.1_0;
				GCC_WARN_ABOUT_MISSING_PROTOTYPES = YES;
				GCC_WARN_ABOUT_RETURN_TYPE = YES;
				GCC_WARN_UNUSED_VARIABLE = YES;
				IPHONEOS_DEPLOYMENT_TARGET = 5.0;
				OTHER_CFLAGS = "-DNS_BLOCK_ASSERTIONS=1";
				SDKROOT = iphoneos;
				VALIDATE_PRODUCT = YES;
			};
			name = Release;
		};
		AF9E06C414E9B115000D5DB5 /* Debug */ = {
			isa = XCBuildConfiguration;
			buildSettings = {
				GCC_PRECOMPILE_PREFIX_HEADER = YES;
				GCC_PREFIX_HEADER = "WhatShallWeWatch/WhatShallWeWatch-Prefix.pch";
				HEADER_SEARCH_PATHS = "\"$(SOURCE_ROOT)/RestKit/Build\"";
				INFOPLIST_FILE = "WhatShallWeWatch/WhatShallWeWatch-Info.plist";
				LIBRARY_SEARCH_PATHS = (
					"$(inherited)",
					"\"$(SRCROOT)/TestFlightSDK0.8.3\"",
				);
				OTHER_LDFLAGS = (
					"-all_load",
					"-ObjC",
				);
				PRODUCT_NAME = "$(TARGET_NAME)";
				WRAPPER_EXTENSION = app;
			};
			name = Debug;
		};
		AF9E06C514E9B115000D5DB5 /* Release */ = {
			isa = XCBuildConfiguration;
			buildSettings = {
				GCC_PRECOMPILE_PREFIX_HEADER = YES;
				GCC_PREFIX_HEADER = "WhatShallWeWatch/WhatShallWeWatch-Prefix.pch";
				HEADER_SEARCH_PATHS = "\"$(SOURCE_ROOT)/RestKit/Build\"";
				INFOPLIST_FILE = "WhatShallWeWatch/WhatShallWeWatch-Info.plist";
				LIBRARY_SEARCH_PATHS = (
					"$(inherited)",
					"\"$(SRCROOT)/TestFlightSDK0.8.3\"",
				);
				OTHER_LDFLAGS = (
					"-all_load",
					"-ObjC",
				);
				PRODUCT_NAME = "$(TARGET_NAME)";
				WRAPPER_EXTENSION = app;
			};
			name = Release;
		};
		AF9E06C714E9B116000D5DB5 /* Debug */ = {
			isa = XCBuildConfiguration;
			buildSettings = {
				BUNDLE_LOADER = "$(BUILT_PRODUCTS_DIR)/WhatShallWeWatch.app/WhatShallWeWatch";
				FRAMEWORK_SEARCH_PATHS = (
					"$(SDKROOT)/Developer/Library/Frameworks",
					"$(DEVELOPER_LIBRARY_DIR)/Frameworks",
				);
				GCC_PRECOMPILE_PREFIX_HEADER = YES;
				GCC_PREFIX_HEADER = "WhatShallWeWatch/WhatShallWeWatch-Prefix.pch";
				INFOPLIST_FILE = "WhatShallWeWatchTests/WhatShallWeWatchTests-Info.plist";
				PRODUCT_NAME = "$(TARGET_NAME)";
				TEST_HOST = "$(BUNDLE_LOADER)";
				WRAPPER_EXTENSION = octest;
			};
			name = Debug;
		};
		AF9E06C814E9B116000D5DB5 /* Release */ = {
			isa = XCBuildConfiguration;
			buildSettings = {
				BUNDLE_LOADER = "$(BUILT_PRODUCTS_DIR)/WhatShallWeWatch.app/WhatShallWeWatch";
				FRAMEWORK_SEARCH_PATHS = (
					"$(SDKROOT)/Developer/Library/Frameworks",
					"$(DEVELOPER_LIBRARY_DIR)/Frameworks",
				);
				GCC_PRECOMPILE_PREFIX_HEADER = YES;
				GCC_PREFIX_HEADER = "WhatShallWeWatch/WhatShallWeWatch-Prefix.pch";
				INFOPLIST_FILE = "WhatShallWeWatchTests/WhatShallWeWatchTests-Info.plist";
				PRODUCT_NAME = "$(TARGET_NAME)";
				TEST_HOST = "$(BUNDLE_LOADER)";
				WRAPPER_EXTENSION = octest;
			};
			name = Release;
		};
/* End XCBuildConfiguration section */

/* Begin XCConfigurationList section */
		AF9E068A14E9B115000D5DB5 /* Build configuration list for PBXProject "WhatShallWeWatch" */ = {
			isa = XCConfigurationList;
			buildConfigurations = (
				AF9E06C114E9B115000D5DB5 /* Debug */,
				AF9E06C214E9B115000D5DB5 /* Release */,
				AF80848F1506C7BA0083DBB8 /* Adhoc */,
			);
			defaultConfigurationIsVisible = 0;
			defaultConfigurationName = Release;
		};
		AF9E06C314E9B115000D5DB5 /* Build configuration list for PBXNativeTarget "WhatShallWeWatch" */ = {
			isa = XCConfigurationList;
			buildConfigurations = (
				AF9E06C414E9B115000D5DB5 /* Debug */,
				AF9E06C514E9B115000D5DB5 /* Release */,
				AF8084901506C7BA0083DBB8 /* Adhoc */,
			);
			defaultConfigurationIsVisible = 0;
			defaultConfigurationName = Release;
		};
		AF9E06C614E9B116000D5DB5 /* Build configuration list for PBXNativeTarget "WhatShallWeWatchTests" */ = {
			isa = XCConfigurationList;
			buildConfigurations = (
				AF9E06C714E9B116000D5DB5 /* Debug */,
				AF9E06C814E9B116000D5DB5 /* Release */,
				AF8084911506C7BA0083DBB8 /* Adhoc */,
			);
			defaultConfigurationIsVisible = 0;
			defaultConfigurationName = Release;
		};
/* End XCConfigurationList section */
	};
	rootObject = AF9E068714E9B115000D5DB5 /* Project object */;
}
